
Microsoft Visual Studio Solution File, Format Version 12.00
# Visual Studio Version 16
VisualStudioVersion = 16.0.30907.101
MinimumVisualStudioVersion = 10.0.40219.1
Project("{FAE04EC0-301F-11D3-BF4B-00C04F79EFBC}") = "apitest", "apitest\apitest.csproj", "{B1F7EBF2-CCF9-49A0-9ED7-7E9585243D6A}"
EndProject
Global
	GlobalSection(SolutionConfigurationPlatforms) = preSolution
		Debug|Any CPU = Debug|Any CPU
		Release|Any CPU = Release|Any CPU
	EndGlobalSection
	GlobalSection(ProjectConfigurationPlatforms) = postSolution
		{B1F7EBF2-CCF9-49A0-9ED7-7E9585243D6A}.Debug|Any CPU.ActiveCfg = Debug|Any CPU
		{B1F7EBF2-CCF9-49A0-9ED7-7E9585243D6A}.Debug|Any CPU.Build.0 = Debug|Any CPU
		{B1F7EBF2-CCF9-49A0-9ED7-7E9585243D6A}.Release|Any CPU.ActiveCfg = Release|Any CPU
		{B1F7EBF2-CCF9-49A0-9ED7-7E9585243D6A}.Release|Any CPU.Build.0 = Release|Any CPU
	EndGlobalSection
	GlobalSection(SolutionProperties) = preSolution
		HideSolutionNode = FALSE
	EndGlobalSection
	GlobalSection(ExtensibilityGlobals) = postSolution
		SolutionGuid = {3BC8AB4F-8EF9-4EB0-9EBB-B01F0D322267}
	EndGlobalSection
EndGlobal
